
Microsoft Visual Studio Solution File, Format Version 12.00
# Visual Studio Version 17
VisualStudioVersion = 17.1.32210.238
MinimumVisualStudioVersion = 10.0.40219.1
Project("{2150E333-8FDC-42A3-9474-1A3956D46DE8}") = "Common", "Common", "{D949F8CB-3FB7-4731-A8DC-8D3213CAB717}"
EndProject
Project("{2150E333-8FDC-42A3-9474-1A3956D46DE8}") = "WebApp", "WebApp", "{88700C20-984F-45FB-8098-58CE57B6D69F}"
EndProject
Project("{2150E333-8FDC-42A3-9474-1A3956D46DE8}") = "Constants", "Constants", "{507A6F41-0FD4-4672-9E03-B9CDA783A425}"
EndProject
Project("{2150E333-8FDC-42A3-9474-1A3956D46DE8}") = "Enums", "Enums", "{81E085E9-A932-4A74-B3B5-AC10836B5962}"
EndProject
Project("{2150E333-8FDC-42A3-9474-1A3956D46DE8}") = "Libraries", "Libraries", "{EFA249B2-043B-4F51-B9E8-EA7EFB2362BA}"
EndProject
Project("{2150E333-8FDC-42A3-9474-1A3956D46DE8}") = "Models", "Models", "{94C9547A-4D0B-429E-A8E7-25F46F304CD9}"
EndProject
Project("{FAE04EC0-301F-11D3-BF4B-00C04F79EFBC}") = "CarWebApi.Common.Enums", "CarWebApi.Common.Enums\CarWebApi.Common.Enums.csproj", "{26BC40F9-4D48-46B3-A56C-5A4B934F5561}"
EndProject
Project("{FAE04EC0-301F-11D3-BF4B-00C04F79EFBC}") = "CarWebApi.Common.Models", "CarWebApi.Common.Models\CarWebApi.Common.Models.csproj", "{82D41E95-F18B-46D8-BC54-66C4776F4112}"
EndProject
Project("{2150E333-8FDC-42A3-9474-1A3956D46DE8}") = "1_WebApi", "1_WebApi", "{60C1BE02-ED16-4387-807E-C5C29B099D9C}"
EndProject
Project("{2150E333-8FDC-42A3-9474-1A3956D46DE8}") = "2_Services", "2_Services", "{64C54A51-DB6D-4379-9D73-247DBC58C8AE}"
EndProject
Project("{2150E333-8FDC-42A3-9474-1A3956D46DE8}") = "3_BusinessLogic", "3_BusinessLogic", "{50648B2A-4287-4AD4-A9B6-8DCB069F3C83}"
EndProject
Project("{2150E333-8FDC-42A3-9474-1A3956D46DE8}") = "4_DataAccess", "4_DataAccess", "{4700ED76-5873-467C-BB74-5CE98DB03AE6}"
EndProject
Project("{FAE04EC0-301F-11D3-BF4B-00C04F79EFBC}") = "CarWebApi.WebApp.1_WebApi", "CarWebApi.WebApp.1_WebApi\CarWebApi.WebApp.1_WebApi.csproj", "{83BA39FA-8A55-4A55-A104-3A03BCD871E0}"
EndProject
Project("{FAE04EC0-301F-11D3-BF4B-00C04F79EFBC}") = "CarWebApi.WebApp.2_Services", "CarWebApi.WebApp.2_Services\CarWebApi.WebApp.2_Services.csproj", "{CCF1BF3E-29B6-4A2C-8242-4F4A3848DFA6}"
EndProject
Project("{FAE04EC0-301F-11D3-BF4B-00C04F79EFBC}") = "CarWebApi.WebApp.3_BusinessLogic", "CarWebApi.WebApp.3_BusinessLogic\CarWebApi.WebApp.3_BusinessLogic.csproj", "{7D4CF9DA-DEBB-4E51-BB33-5787CCBABC11}"
EndProject
Project("{FAE04EC0-301F-11D3-BF4B-00C04F79EFBC}") = "CarWebApi.WebApp.4_DataAccess", "CarWebApi.WebApp.4_DataAccess\CarWebApi.WebApp.4_DataAccess.csproj", "{9663C817-382E-48D6-AE72-AD1959E4906D}"
EndProject
Global
	GlobalSection(SolutionConfigurationPlatforms) = preSolution
		Debug|Any CPU = Debug|Any CPU
		Release|Any CPU = Release|Any CPU
	EndGlobalSection
	GlobalSection(ProjectConfigurationPlatforms) = postSolution
		{26BC40F9-4D48-46B3-A56C-5A4B934F5561}.Debug|Any CPU.ActiveCfg = Debug|Any CPU
		{26BC40F9-4D48-46B3-A56C-5A4B934F5561}.Debug|Any CPU.Build.0 = Debug|Any CPU
		{26BC40F9-4D48-46B3-A56C-5A4B934F5561}.Release|Any CPU.ActiveCfg = Release|Any CPU
		{26BC40F9-4D48-46B3-A56C-5A4B934F5561}.Release|Any CPU.Build.0 = Release|Any CPU
		{82D41E95-F18B-46D8-BC54-66C4776F4112}.Debug|Any CPU.ActiveCfg = Debug|Any CPU
		{82D41E95-F18B-46D8-BC54-66C4776F4112}.Debug|Any CPU.Build.0 = Debug|Any CPU
		{82D41E95-F18B-46D8-BC54-66C4776F4112}.Release|Any CPU.ActiveCfg = Release|Any CPU
		{82D41E95-F18B-46D8-BC54-66C4776F4112}.Release|Any CPU.Build.0 = Release|Any CPU
		{83BA39FA-8A55-4A55-A104-3A03BCD871E0}.Debug|Any CPU.ActiveCfg = Debug|Any CPU
		{83BA39FA-8A55-4A55-A104-3A03BCD871E0}.Debug|Any CPU.Build.0 = Debug|Any CPU
		{83BA39FA-8A55-4A55-A104-3A03BCD871E0}.Release|Any CPU.ActiveCfg = Release|Any CPU
		{83BA39FA-8A55-4A55-A104-3A03BCD871E0}.Release|Any CPU.Build.0 = Release|Any CPU
		{CCF1BF3E-29B6-4A2C-8242-4F4A3848DFA6}.Debug|Any CPU.ActiveCfg = Debug|Any CPU
		{CCF1BF3E-29B6-4A2C-8242-4F4A3848DFA6}.Debug|Any CPU.Build.0 = Debug|Any CPU
		{CCF1BF3E-29B6-4A2C-8242-4F4A3848DFA6}.Release|Any CPU.ActiveCfg = Release|Any CPU
		{CCF1BF3E-29B6-4A2C-8242-4F4A3848DFA6}.Release|Any CPU.Build.0 = Release|Any CPU
		{7D4CF9DA-DEBB-4E51-BB33-5787CCBABC11}.Debug|Any CPU.ActiveCfg = Debug|Any CPU
		{7D4CF9DA-DEBB-4E51-BB33-5787CCBABC11}.Debug|Any CPU.Build.0 = Debug|Any CPU
		{7D4CF9DA-DEBB-4E51-BB33-5787CCBABC11}.Release|Any CPU.ActiveCfg = Release|Any CPU
		{7D4CF9DA-DEBB-4E51-BB33-5787CCBABC11}.Release|Any CPU.Build.0 = Release|Any CPU
		{9663C817-382E-48D6-AE72-AD1959E4906D}.Debug|Any CPU.ActiveCfg = Debug|Any CPU
		{9663C817-382E-48D6-AE72-AD1959E4906D}.Debug|Any CPU.Build.0 = Debug|Any CPU
		{9663C817-382E-48D6-AE72-AD1959E4906D}.Release|Any CPU.ActiveCfg = Release|Any CPU
		{9663C817-382E-48D6-AE72-AD1959E4906D}.Release|Any CPU.Build.0 = Release|Any CPU
	EndGlobalSection
	GlobalSection(SolutionProperties) = preSolution
		HideSolutionNode = FALSE
	EndGlobalSection
	GlobalSection(NestedProjects) = preSolution
		{507A6F41-0FD4-4672-9E03-B9CDA783A425} = {D949F8CB-3FB7-4731-A8DC-8D3213CAB717}
		{81E085E9-A932-4A74-B3B5-AC10836B5962} = {D949F8CB-3FB7-4731-A8DC-8D3213CAB717}
		{EFA249B2-043B-4F51-B9E8-EA7EFB2362BA} = {D949F8CB-3FB7-4731-A8DC-8D3213CAB717}
		{94C9547A-4D0B-429E-A8E7-25F46F304CD9} = {D949F8CB-3FB7-4731-A8DC-8D3213CAB717}
		{26BC40F9-4D48-46B3-A56C-5A4B934F5561} = {81E085E9-A932-4A74-B3B5-AC10836B5962}
		{82D41E95-F18B-46D8-BC54-66C4776F4112} = {94C9547A-4D0B-429E-A8E7-25F46F304CD9}
		{60C1BE02-ED16-4387-807E-C5C29B099D9C} = {88700C20-984F-45FB-8098-58CE57B6D69F}
		{64C54A51-DB6D-4379-9D73-247DBC58C8AE} = {88700C20-984F-45FB-8098-58CE57B6D69F}
		{50648B2A-4287-4AD4-A9B6-8DCB069F3C83} = {88700C20-984F-45FB-8098-58CE57B6D69F}
		{4700ED76-5873-467C-BB74-5CE98DB03AE6} = {88700C20-984F-45FB-8098-58CE57B6D69F}
		{83BA39FA-8A55-4A55-A104-3A03BCD871E0} = {60C1BE02-ED16-4387-807E-C5C29B099D9C}
		{CCF1BF3E-29B6-4A2C-8242-4F4A3848DFA6} = {64C54A51-DB6D-4379-9D73-247DBC58C8AE}
		{7D4CF9DA-DEBB-4E51-BB33-5787CCBABC11} = {50648B2A-4287-4AD4-A9B6-8DCB069F3C83}
		{9663C817-382E-48D6-AE72-AD1959E4906D} = {4700ED76-5873-467C-BB74-5CE98DB03AE6}
	EndGlobalSection
	GlobalSection(ExtensibilityGlobals) = postSolution
		SolutionGuid = {BA5F54C6-E179-4C44-BA07-62645BCD6DF9}
	EndGlobalSection
EndGlobal
